version: 6
environments:
  default:
    channels:
    - url: https://conda.anaconda.org/conda-forge/
    packages:
      win-64:
      - conda: https://conda.anaconda.org/conda-forge/noarch/cuda-version-12.9-h4f385c5_3.conda
      - conda: https://conda.anaconda.org/conda-forge/win-64/libcurand-10.3.10.19-he0c23c2_0.conda
      - conda: https://conda.anaconda.org/conda-forge/win-64/ucrt-10.0.22621.0-h57928b3_1.conda
      - conda: https://conda.anaconda.org/conda-forge/win-64/vc-14.3-h41ae7f8_26.conda
      - conda: https://conda.anaconda.org/conda-forge/win-64/vc14_runtime-14.44.35208-h818238b_26.conda
      - conda: .
packages:
- conda: https://conda.anaconda.org/conda-forge/noarch/cuda-version-12.9-h4f385c5_3.conda
  sha256: 5f5f428031933f117ff9f7fcc650e6ea1b3fef5936cf84aa24af79167513b656
  md5: b6d5d7f1c171cbd228ea06b556cfa859
  constrains:
  - cudatoolkit 12.9|12.9.*
  - __cuda >=12
  license: LicenseRef-NVIDIA-End-User-License-Agreement
  size: 21578
  timestamp: 1746134436166
- conda: https://conda.anaconda.org/conda-forge/win-64/libcurand-10.3.10.19-he0c23c2_0.conda
  sha256: 3d3bddf1126f257a90b6e17b336b2a13c9dfa23e8c480b9d155803debcfa5c8a
  md5: 3f2c7b49414e5b761333aea772d93da4
  depends:
  - cuda-version >=12.9,<12.10.0a0
  - ucrt >=10.0.20348.0
  - vc >=14.2,<15
  - vc14_runtime >=14.29.30139
  license: LicenseRef-NVIDIA-End-User-License-Agreement
  size: 49031195
  timestamp: 1746193674828
- conda: https://conda.anaconda.org/conda-forge/win-64/ucrt-10.0.22621.0-h57928b3_1.conda
  sha256: db8dead3dd30fb1a032737554ce91e2819b43496a0db09927edf01c32b577450
  md5: 6797b005cd0f439c4c5c9ac565783700
  constrains:
  - vs2015_runtime >=14.29.30037
  license: LicenseRef-MicrosoftWindowsSDK10
  size: 559710
  timestamp: 1728377334097
- conda: https://conda.anaconda.org/conda-forge/win-64/vc-14.3-h41ae7f8_26.conda
  sha256: b388d88e04aa0257df4c1d28f8d85d985ad07c1e5645aa62335673c98704c4c6
  md5: 18b6bf6f878501547786f7bf8052a34d
  depends:
  - vc14_runtime >=14.44.35208
  track_features:
  - vc14
  license: BSD-3-Clause
  license_family: BSD
  size: 17914
  timestamp: 1750371462857
- conda: https://conda.anaconda.org/conda-forge/win-64/vc14_runtime-14.44.35208-h818238b_26.conda
  sha256: 7bad6e25a7c836d99011aee59dcf600b7f849a6fa5caa05a406255527e80a703
  md5: 14d65350d3f5c8ff163dc4f76d6e2830
  depends:
  - ucrt >=10.0.20348.0
  constrains:
  - vs2015_runtime 14.44.35208.* *_26
  license: LicenseRef-MicrosoftVisualCpp2015-2022Runtime
  license_family: Proprietary
  size: 756109
  timestamp: 1750371459116
- conda: .
  name: wave
  version: 0.1.0
  build: hbf21a9e_0
  subdir: win-64
  depends:
  - vc >=14.2,<15
  - vc14_runtime >=14.29.30139
  - ucrt >=10.0.20348.0
  - libcurand >=10.3.10.19,<11.0a0
  input:
    hash: ce977b6707f80dd5e008002c284f491973db4c7de3399f98f1544dc69fcbaf17
    globs:
    - pixi.toml
