version: 6
environments:
  default:
    channels:
    - url: https://conda.anaconda.org/conda-forge/
    packages:
      linux-64:
      - conda: https://conda.anaconda.org/conda-forge/linux-64/_libgcc_mutex-0.1-conda_forge.tar.bz2
      - conda: https://conda.anaconda.org/conda-forge/linux-64/_openmp_mutex-4.5-2_gnu.tar.bz2
      - conda: https://conda.anaconda.org/conda-forge/noarch/cuda-version-12.9-h4f385c5_3.conda
      - conda: https://conda.anaconda.org/conda-forge/linux-64/libcurand-10.3.10.19-h9ab20c4_0.conda
      - conda: https://conda.anaconda.org/conda-forge/linux-64/libgcc-15.1.0-h767d61c_3.conda
      - conda: https://conda.anaconda.org/conda-forge/linux-64/libgomp-15.1.0-h767d61c_3.conda
      - conda: https://conda.anaconda.org/conda-forge/linux-64/libstdcxx-15.1.0-h8f9b012_3.conda
      - conda: .
        subdir: linux-64
      win-64:
      - conda: https://conda.anaconda.org/conda-forge/noarch/cuda-version-12.9-h4f385c5_3.conda
      - conda: https://conda.anaconda.org/conda-forge/win-64/libcurand-10.3.10.19-he0c23c2_0.conda
      - conda: https://conda.anaconda.org/conda-forge/win-64/ucrt-10.0.22621.0-h57928b3_1.conda
      - conda: https://conda.anaconda.org/conda-forge/win-64/vc-14.3-h41ae7f8_26.conda
      - conda: https://conda.anaconda.org/conda-forge/win-64/vc14_runtime-14.44.35208-h818238b_26.conda
      - conda: .
        subdir: win-64
packages:
- conda: https://conda.anaconda.org/conda-forge/linux-64/_libgcc_mutex-0.1-conda_forge.tar.bz2
  sha256: fe51de6107f9edc7aa4f786a70f4a883943bc9d39b3bb7307c04c41410990726
  md5: d7c89558ba9fa0495403155b64376d81
  license: None
  size: 2562
  timestamp: 1578324546067
- conda: https://conda.anaconda.org/conda-forge/linux-64/_openmp_mutex-4.5-2_gnu.tar.bz2
  build_number: 16
  sha256: fbe2c5e56a653bebb982eda4876a9178aedfc2b545f25d0ce9c4c0b508253d22
  md5: 73aaf86a425cc6e73fcf236a5a46396d
  depends:
  - _libgcc_mutex 0.1 conda_forge
  - libgomp >=7.5.0
  constrains:
  - openmp_impl 9999
  license: BSD-3-Clause
  license_family: BSD
  size: 23621
  timestamp: 1650670423406
- conda: https://conda.anaconda.org/conda-forge/noarch/cuda-version-12.9-h4f385c5_3.conda
  sha256: 5f5f428031933f117ff9f7fcc650e6ea1b3fef5936cf84aa24af79167513b656
  md5: b6d5d7f1c171cbd228ea06b556cfa859
  constrains:
  - cudatoolkit 12.9|12.9.*
  - __cuda >=12
  license: LicenseRef-NVIDIA-End-User-License-Agreement
  size: 21578
  timestamp: 1746134436166
- conda: https://conda.anaconda.org/conda-forge/linux-64/libcurand-10.3.10.19-h9ab20c4_0.conda
  sha256: c4576976b8b5ceb060b32d24fc08db5253606256c3c99b42ace343e9be2229db
  md5: c745bc0dd1f066e6752c8b2909216b62
  depends:
  - __glibc >=2.28,<3.0.a0
  - cuda-version >=12.9,<12.10.0a0
  - libgcc >=13
  - libstdcxx >=13
  license: LicenseRef-NVIDIA-End-User-License-Agreement
  size: 46161381
  timestamp: 1746193213392
- conda: https://conda.anaconda.org/conda-forge/win-64/libcurand-10.3.10.19-he0c23c2_0.conda
  sha256: 3d3bddf1126f257a90b6e17b336b2a13c9dfa23e8c480b9d155803debcfa5c8a
  md5: 3f2c7b49414e5b761333aea772d93da4
  depends:
  - cuda-version >=12.9,<12.10.0a0
  - ucrt >=10.0.20348.0
  - vc >=14.2,<15
  - vc14_runtime >=14.29.30139
  license: LicenseRef-NVIDIA-End-User-License-Agreement
  size: 49031195
  timestamp: 1746193674828
- conda: https://conda.anaconda.org/conda-forge/linux-64/libgcc-15.1.0-h767d61c_3.conda
  sha256: 59a87161212abe8acc57d318b0cc8636eb834cdfdfddcf1f588b5493644b39a3
  md5: 9e60c55e725c20d23125a5f0dd69af5d
  depends:
  - __glibc >=2.17,<3.0.a0
  - _openmp_mutex >=4.5
  constrains:
  - libgcc-ng ==15.1.0=*_3
  - libgomp 15.1.0 h767d61c_3
  license: GPL-3.0-only WITH GCC-exception-3.1
  license_family: GPL
  size: 824921
  timestamp: 1750808216066
- conda: https://conda.anaconda.org/conda-forge/linux-64/libgomp-15.1.0-h767d61c_3.conda
  sha256: 43710ab4de0cd7ff8467abff8d11e7bb0e36569df04ce1c099d48601818f11d1
  md5: 3cd1a7238a0dd3d0860fdefc496cc854
  depends:
  - __glibc >=2.17,<3.0.a0
  license: GPL-3.0-only WITH GCC-exception-3.1
  license_family: GPL
  size: 447068
  timestamp: 1750808138400
- conda: https://conda.anaconda.org/conda-forge/linux-64/libstdcxx-15.1.0-h8f9b012_3.conda
  sha256: 7650837344b7850b62fdba02155da0b159cf472b9ab59eb7b472f7bd01dff241
  md5: 6d11a5edae89fe413c0569f16d308f5a
  depends:
  - __glibc >=2.17,<3.0.a0
  - libgcc 15.1.0 h767d61c_3
  license: GPL-3.0-only WITH GCC-exception-3.1
  license_family: GPL
  size: 3896407
  timestamp: 1750808251302
- conda: https://conda.anaconda.org/conda-forge/win-64/ucrt-10.0.22621.0-h57928b3_1.conda
  sha256: db8dead3dd30fb1a032737554ce91e2819b43496a0db09927edf01c32b577450
  md5: 6797b005cd0f439c4c5c9ac565783700
  constrains:
  - vs2015_runtime >=14.29.30037
  license: LicenseRef-MicrosoftWindowsSDK10
  size: 559710
  timestamp: 1728377334097
- conda: https://conda.anaconda.org/conda-forge/win-64/vc-14.3-h41ae7f8_26.conda
  sha256: b388d88e04aa0257df4c1d28f8d85d985ad07c1e5645aa62335673c98704c4c6
  md5: 18b6bf6f878501547786f7bf8052a34d
  depends:
  - vc14_runtime >=14.44.35208
  track_features:
  - vc14
  license: BSD-3-Clause
  license_family: BSD
  size: 17914
  timestamp: 1750371462857
- conda: https://conda.anaconda.org/conda-forge/win-64/vc14_runtime-14.44.35208-h818238b_26.conda
  sha256: 7bad6e25a7c836d99011aee59dcf600b7f849a6fa5caa05a406255527e80a703
  md5: 14d65350d3f5c8ff163dc4f76d6e2830
  depends:
  - ucrt >=10.0.20348.0
  constrains:
  - vs2015_runtime 14.44.35208.* *_26
  license: LicenseRef-MicrosoftVisualCpp2015-2022Runtime
  license_family: Proprietary
  size: 756109
  timestamp: 1750371459116
- conda: .
  name: wave
  version: 0.1.0
  build: hbf21a9e_0
  subdir: linux-64
  depends:
  - libstdcxx >=14
  - libgcc >=14
  - libcurand >=10.3.10.19,<11.0a0
  input:
    hash: 9e11d9dbe46b894a68fa3f05b9c4e9294094b46c3d33a550d7b5759e61e1ff80
    globs:
    - pixi.toml
- conda: .
  name: wave
  version: 0.1.0
  build: hbf21a9e_0
  subdir: win-64
  depends:
  - vc >=14.2,<15
  - vc14_runtime >=14.29.30139
  - ucrt >=10.0.20348.0
  - libcurand >=10.3.10.19,<11.0a0
  input:
    hash: 9e11d9dbe46b894a68fa3f05b9c4e9294094b46c3d33a550d7b5759e61e1ff80
    globs:
    - pixi.toml
